
Microsoft Visual Studio Solution File, Format Version 12.00
# Visual Studio 14
VisualStudioVersion = 14.0.25123.0
MinimumVisualStudioVersion = 10.0.40219.1
Project("{FAE04EC0-301F-11D3-BF4B-00C04F79EFBC}") = "ConverseSharp", "Libs\ConverseSharp\ConverseSharp.csproj", "{6D704040-E839-41DD-9AA2-36EEADEFB0C9}"
EndProject
Project("{2150E333-8FDC-42A3-9474-1A3956D46DE8}") = "UnitTests", "UnitTests", "{A458F4D8-A484-408E-91AB-32041B97E1A6}"
EndProject
Project("{FAE04EC0-301F-11D3-BF4B-00C04F79EFBC}") = "ConverseSharpTests", "Libs\ConverseSharpTests\ConverseSharpTests.csproj", "{67A9C165-4327-49AC-A9F4-FE6365A34FBB}"
EndProject
Project("{2150E333-8FDC-42A3-9474-1A3956D46DE8}") = "ManualTests", "ManualTests", "{BAEA5AA9-EDBD-4BD6-BCB2-822174E83FC5}"
EndProject
Project("{FAE04EC0-301F-11D3-BF4B-00C04F79EFBC}") = "ConverseManualTest", "Testing\ConverseManualTest\ConverseManualTest.csproj", "{94E97797-CEAB-401E-96FA-1992F9781893}"
EndProject
Project("{2150E333-8FDC-42A3-9474-1A3956D46DE8}") = "Libs", "Libs", "{0B0790F3-12A6-4329-B291-080F401B6C63}"
EndProject
Project("{FAE04EC0-301F-11D3-BF4B-00C04F79EFBC}") = "Graph", "Libs\3rd\Graph\Graph.csproj", "{E4CC63D8-127D-4BC9-80E0-CCB3E9DA06DC}"
EndProject
Project("{FAE04EC0-301F-11D3-BF4B-00C04F79EFBC}") = "QuickFont", "Libs\3rd\QuickFont\QuickFont.csproj", "{BBECE6FC-EF63-40F8-A734-A500D1DFC1AF}"
EndProject
Project("{FAE04EC0-301F-11D3-BF4B-00C04F79EFBC}") = "WinFormsUI", "Libs\3rd\WinFormsUI\WinFormsUI.csproj", "{C75532C4-765B-418E-B09B-46D36B2ABDB1}"
EndProject
Project("{FAE04EC0-301F-11D3-BF4B-00C04F79EFBC}") = "ArnoldUI", "ArnoldUI\ArnoldUI.csproj", "{201ECC90-6E2B-43AE-A779-EBBCB35CE3A7}"
EndProject
Project("{2150E333-8FDC-42A3-9474-1A3956D46DE8}") = "3rd", "3rd", "{977043EE-27F3-404D-97E6-D4A377693B19}"
EndProject
Project("{2150E333-8FDC-42A3-9474-1A3956D46DE8}") = "Tests", "Tests", "{23AED292-9579-48E3-9ED6-3A403C10FB64}"
EndProject
Project("{FAE04EC0-301F-11D3-BF4B-00C04F79EFBC}") = "ArnoldUITests", "Testing\ArnoldUITests\ArnoldUITests.csproj", "{F5F607D8-D108-4553-B10E-498B014A7FDE}"
EndProject
Project("{FAE04EC0-301F-11D3-BF4B-00C04F79EFBC}") = "SerilogRobe", "Libs\SerilogRobe\SerilogRobe.csproj", "{7BB6441B-3E76-4B6D-A602-70BC268D4826}"
EndProject
Project("{FAE04EC0-301F-11D3-BF4B-00C04F79EFBC}") = "LoggerIface", "Libs\LoggerIface\LoggerIface.csproj", "{49A532A2-2080-4DBE-AFC8-0B34D9B0B210}"
EndProject
Project("{FAE04EC0-301F-11D3-BF4B-00C04F79EFBC}") = "SerilogRobeTests", "Libs\SerilogRobeTests\SerilogRobeTests.csproj", "{34F6181D-FCA7-4D19-9B67-04DB8E67B503}"
EndProject
Project("{FAE04EC0-301F-11D3-BF4B-00C04F79EFBC}") = "TypeMap", "Libs\TypeMap\TypeMap.csproj", "{86955C47-2A02-41A4-AB32-C9E592EB2971}"
Project("{FAE04EC0-301F-11D3-BF4B-00C04F79EFBC}") = "ConverseSharpProtobuf", "Libs\ConverseSharpProtobuf\ConverseSharpProtobuf.csproj", "{29FE8AB5-EA2A-4C55-BF38-AFC951DDEFAD}"
EndProject
Project("{FAE04EC0-301F-11D3-BF4B-00C04F79EFBC}") = "ConverseSharpProtoBufTests", "Libs\ConverseSharpProtoBufTests\ConverseSharpProtoBufTests.csproj", "{B0D7CF91-AB71-4A4D-8B26-1152708107AC}"
EndProject
Global
	GlobalSection(SolutionConfigurationPlatforms) = preSolution
		Debug|Any CPU = Debug|Any CPU
		Debug|x86 = Debug|x86
		Release|Any CPU = Release|Any CPU
		Release|x86 = Release|x86
	EndGlobalSection
	GlobalSection(ProjectConfigurationPlatforms) = postSolution
		{6D704040-E839-41DD-9AA2-36EEADEFB0C9}.Debug|Any CPU.ActiveCfg = Debug|Any CPU
		{6D704040-E839-41DD-9AA2-36EEADEFB0C9}.Debug|Any CPU.Build.0 = Debug|Any CPU
		{6D704040-E839-41DD-9AA2-36EEADEFB0C9}.Debug|x86.ActiveCfg = Debug|Any CPU
		{6D704040-E839-41DD-9AA2-36EEADEFB0C9}.Debug|x86.Build.0 = Debug|Any CPU
		{6D704040-E839-41DD-9AA2-36EEADEFB0C9}.Release|Any CPU.ActiveCfg = Release|Any CPU
		{6D704040-E839-41DD-9AA2-36EEADEFB0C9}.Release|Any CPU.Build.0 = Release|Any CPU
		{6D704040-E839-41DD-9AA2-36EEADEFB0C9}.Release|x86.ActiveCfg = Release|Any CPU
		{6D704040-E839-41DD-9AA2-36EEADEFB0C9}.Release|x86.Build.0 = Release|Any CPU
		{67A9C165-4327-49AC-A9F4-FE6365A34FBB}.Debug|Any CPU.ActiveCfg = Debug|Any CPU
		{67A9C165-4327-49AC-A9F4-FE6365A34FBB}.Debug|Any CPU.Build.0 = Debug|Any CPU
		{67A9C165-4327-49AC-A9F4-FE6365A34FBB}.Debug|x86.ActiveCfg = Debug|Any CPU
		{67A9C165-4327-49AC-A9F4-FE6365A34FBB}.Debug|x86.Build.0 = Debug|Any CPU
		{67A9C165-4327-49AC-A9F4-FE6365A34FBB}.Release|Any CPU.ActiveCfg = Release|Any CPU
		{67A9C165-4327-49AC-A9F4-FE6365A34FBB}.Release|Any CPU.Build.0 = Release|Any CPU
		{67A9C165-4327-49AC-A9F4-FE6365A34FBB}.Release|x86.ActiveCfg = Release|Any CPU
		{67A9C165-4327-49AC-A9F4-FE6365A34FBB}.Release|x86.Build.0 = Release|Any CPU
		{94E97797-CEAB-401E-96FA-1992F9781893}.Debug|Any CPU.ActiveCfg = Debug|Any CPU
		{94E97797-CEAB-401E-96FA-1992F9781893}.Debug|Any CPU.Build.0 = Debug|Any CPU
		{94E97797-CEAB-401E-96FA-1992F9781893}.Debug|x86.ActiveCfg = Debug|Any CPU
		{94E97797-CEAB-401E-96FA-1992F9781893}.Debug|x86.Build.0 = Debug|Any CPU
		{94E97797-CEAB-401E-96FA-1992F9781893}.Release|Any CPU.ActiveCfg = Release|Any CPU
		{94E97797-CEAB-401E-96FA-1992F9781893}.Release|Any CPU.Build.0 = Release|Any CPU
		{94E97797-CEAB-401E-96FA-1992F9781893}.Release|x86.ActiveCfg = Release|Any CPU
		{94E97797-CEAB-401E-96FA-1992F9781893}.Release|x86.Build.0 = Release|Any CPU
		{E4CC63D8-127D-4BC9-80E0-CCB3E9DA06DC}.Debug|Any CPU.ActiveCfg = Debug|Any CPU
		{E4CC63D8-127D-4BC9-80E0-CCB3E9DA06DC}.Debug|Any CPU.Build.0 = Debug|Any CPU
		{E4CC63D8-127D-4BC9-80E0-CCB3E9DA06DC}.Debug|x86.ActiveCfg = Debug|x86
		{E4CC63D8-127D-4BC9-80E0-CCB3E9DA06DC}.Debug|x86.Build.0 = Debug|x86
		{E4CC63D8-127D-4BC9-80E0-CCB3E9DA06DC}.Release|Any CPU.ActiveCfg = Release|Any CPU
		{E4CC63D8-127D-4BC9-80E0-CCB3E9DA06DC}.Release|Any CPU.Build.0 = Release|Any CPU
		{E4CC63D8-127D-4BC9-80E0-CCB3E9DA06DC}.Release|x86.ActiveCfg = Release|x86
		{E4CC63D8-127D-4BC9-80E0-CCB3E9DA06DC}.Release|x86.Build.0 = Release|x86
		{BBECE6FC-EF63-40F8-A734-A500D1DFC1AF}.Debug|Any CPU.ActiveCfg = Debug|Any CPU
		{BBECE6FC-EF63-40F8-A734-A500D1DFC1AF}.Debug|Any CPU.Build.0 = Debug|Any CPU
		{BBECE6FC-EF63-40F8-A734-A500D1DFC1AF}.Debug|x86.ActiveCfg = Debug|Any CPU
		{BBECE6FC-EF63-40F8-A734-A500D1DFC1AF}.Debug|x86.Build.0 = Debug|Any CPU
		{BBECE6FC-EF63-40F8-A734-A500D1DFC1AF}.Release|Any CPU.ActiveCfg = Release|Any CPU
		{BBECE6FC-EF63-40F8-A734-A500D1DFC1AF}.Release|Any CPU.Build.0 = Release|Any CPU
		{BBECE6FC-EF63-40F8-A734-A500D1DFC1AF}.Release|x86.ActiveCfg = Release|Any CPU
		{BBECE6FC-EF63-40F8-A734-A500D1DFC1AF}.Release|x86.Build.0 = Release|Any CPU
		{C75532C4-765B-418E-B09B-46D36B2ABDB1}.Debug|Any CPU.ActiveCfg = Debug|Any CPU
		{C75532C4-765B-418E-B09B-46D36B2ABDB1}.Debug|Any CPU.Build.0 = Debug|Any CPU
		{C75532C4-765B-418E-B09B-46D36B2ABDB1}.Debug|x86.ActiveCfg = Debug|Any CPU
		{C75532C4-765B-418E-B09B-46D36B2ABDB1}.Debug|x86.Build.0 = Debug|Any CPU
		{C75532C4-765B-418E-B09B-46D36B2ABDB1}.Release|Any CPU.ActiveCfg = Release|Any CPU
		{C75532C4-765B-418E-B09B-46D36B2ABDB1}.Release|Any CPU.Build.0 = Release|Any CPU
		{C75532C4-765B-418E-B09B-46D36B2ABDB1}.Release|x86.ActiveCfg = Release|Any CPU
		{C75532C4-765B-418E-B09B-46D36B2ABDB1}.Release|x86.Build.0 = Release|Any CPU
		{201ECC90-6E2B-43AE-A779-EBBCB35CE3A7}.Debug|Any CPU.ActiveCfg = Debug|Any CPU
		{201ECC90-6E2B-43AE-A779-EBBCB35CE3A7}.Debug|Any CPU.Build.0 = Debug|Any CPU
		{201ECC90-6E2B-43AE-A779-EBBCB35CE3A7}.Debug|x86.ActiveCfg = Debug|Any CPU
		{201ECC90-6E2B-43AE-A779-EBBCB35CE3A7}.Debug|x86.Build.0 = Debug|Any CPU
		{201ECC90-6E2B-43AE-A779-EBBCB35CE3A7}.Release|Any CPU.ActiveCfg = Release|Any CPU
		{201ECC90-6E2B-43AE-A779-EBBCB35CE3A7}.Release|Any CPU.Build.0 = Release|Any CPU
		{201ECC90-6E2B-43AE-A779-EBBCB35CE3A7}.Release|x86.ActiveCfg = Release|Any CPU
		{201ECC90-6E2B-43AE-A779-EBBCB35CE3A7}.Release|x86.Build.0 = Release|Any CPU
		{F5F607D8-D108-4553-B10E-498B014A7FDE}.Debug|Any CPU.ActiveCfg = Debug|Any CPU
		{F5F607D8-D108-4553-B10E-498B014A7FDE}.Debug|Any CPU.Build.0 = Debug|Any CPU
		{F5F607D8-D108-4553-B10E-498B014A7FDE}.Debug|x86.ActiveCfg = Debug|Any CPU
		{F5F607D8-D108-4553-B10E-498B014A7FDE}.Debug|x86.Build.0 = Debug|Any CPU
		{F5F607D8-D108-4553-B10E-498B014A7FDE}.Release|Any CPU.ActiveCfg = Release|Any CPU
		{F5F607D8-D108-4553-B10E-498B014A7FDE}.Release|Any CPU.Build.0 = Release|Any CPU
		{F5F607D8-D108-4553-B10E-498B014A7FDE}.Release|x86.ActiveCfg = Release|Any CPU
		{F5F607D8-D108-4553-B10E-498B014A7FDE}.Release|x86.Build.0 = Release|Any CPU
		{7BB6441B-3E76-4B6D-A602-70BC268D4826}.Debug|Any CPU.ActiveCfg = Debug|Any CPU
		{7BB6441B-3E76-4B6D-A602-70BC268D4826}.Debug|Any CPU.Build.0 = Debug|Any CPU
		{7BB6441B-3E76-4B6D-A602-70BC268D4826}.Debug|x86.ActiveCfg = Debug|Any CPU
		{7BB6441B-3E76-4B6D-A602-70BC268D4826}.Debug|x86.Build.0 = Debug|Any CPU
		{7BB6441B-3E76-4B6D-A602-70BC268D4826}.Release|Any CPU.ActiveCfg = Release|Any CPU
		{7BB6441B-3E76-4B6D-A602-70BC268D4826}.Release|Any CPU.Build.0 = Release|Any CPU
		{7BB6441B-3E76-4B6D-A602-70BC268D4826}.Release|x86.ActiveCfg = Release|Any CPU
		{7BB6441B-3E76-4B6D-A602-70BC268D4826}.Release|x86.Build.0 = Release|Any CPU
		{49A532A2-2080-4DBE-AFC8-0B34D9B0B210}.Debug|Any CPU.ActiveCfg = Debug|Any CPU
		{49A532A2-2080-4DBE-AFC8-0B34D9B0B210}.Debug|Any CPU.Build.0 = Debug|Any CPU
		{49A532A2-2080-4DBE-AFC8-0B34D9B0B210}.Debug|x86.ActiveCfg = Debug|Any CPU
		{49A532A2-2080-4DBE-AFC8-0B34D9B0B210}.Debug|x86.Build.0 = Debug|Any CPU
		{49A532A2-2080-4DBE-AFC8-0B34D9B0B210}.Release|Any CPU.ActiveCfg = Release|Any CPU
		{49A532A2-2080-4DBE-AFC8-0B34D9B0B210}.Release|Any CPU.Build.0 = Release|Any CPU
		{49A532A2-2080-4DBE-AFC8-0B34D9B0B210}.Release|x86.ActiveCfg = Release|Any CPU
		{49A532A2-2080-4DBE-AFC8-0B34D9B0B210}.Release|x86.Build.0 = Release|Any CPU
		{34F6181D-FCA7-4D19-9B67-04DB8E67B503}.Debug|Any CPU.ActiveCfg = Debug|Any CPU
		{34F6181D-FCA7-4D19-9B67-04DB8E67B503}.Debug|Any CPU.Build.0 = Debug|Any CPU
		{34F6181D-FCA7-4D19-9B67-04DB8E67B503}.Debug|x86.ActiveCfg = Debug|Any CPU
		{34F6181D-FCA7-4D19-9B67-04DB8E67B503}.Debug|x86.Build.0 = Debug|Any CPU
		{34F6181D-FCA7-4D19-9B67-04DB8E67B503}.Release|Any CPU.ActiveCfg = Release|Any CPU
		{34F6181D-FCA7-4D19-9B67-04DB8E67B503}.Release|Any CPU.Build.0 = Release|Any CPU
		{34F6181D-FCA7-4D19-9B67-04DB8E67B503}.Release|x86.ActiveCfg = Release|Any CPU
		{34F6181D-FCA7-4D19-9B67-04DB8E67B503}.Release|x86.Build.0 = Release|Any CPU
		{86955C47-2A02-41A4-AB32-C9E592EB2971}.Debug|Any CPU.ActiveCfg = Debug|Any CPU
		{86955C47-2A02-41A4-AB32-C9E592EB2971}.Debug|Any CPU.Build.0 = Debug|Any CPU
		{86955C47-2A02-41A4-AB32-C9E592EB2971}.Debug|x86.ActiveCfg = Debug|Any CPU
		{86955C47-2A02-41A4-AB32-C9E592EB2971}.Debug|x86.Build.0 = Debug|Any CPU
		{86955C47-2A02-41A4-AB32-C9E592EB2971}.Release|Any CPU.ActiveCfg = Release|Any CPU
		{86955C47-2A02-41A4-AB32-C9E592EB2971}.Release|Any CPU.Build.0 = Release|Any CPU
		{86955C47-2A02-41A4-AB32-C9E592EB2971}.Release|x86.ActiveCfg = Release|Any CPU
		{86955C47-2A02-41A4-AB32-C9E592EB2971}.Release|x86.Build.0 = Release|Any CPU
		{29FE8AB5-EA2A-4C55-BF38-AFC951DDEFAD}.Debug|Any CPU.ActiveCfg = Debug|Any CPU
		{29FE8AB5-EA2A-4C55-BF38-AFC951DDEFAD}.Debug|Any CPU.Build.0 = Debug|Any CPU
		{29FE8AB5-EA2A-4C55-BF38-AFC951DDEFAD}.Debug|x86.ActiveCfg = Debug|Any CPU
		{29FE8AB5-EA2A-4C55-BF38-AFC951DDEFAD}.Debug|x86.Build.0 = Debug|Any CPU
		{29FE8AB5-EA2A-4C55-BF38-AFC951DDEFAD}.Release|Any CPU.ActiveCfg = Release|Any CPU
		{29FE8AB5-EA2A-4C55-BF38-AFC951DDEFAD}.Release|Any CPU.Build.0 = Release|Any CPU
		{29FE8AB5-EA2A-4C55-BF38-AFC951DDEFAD}.Release|x86.ActiveCfg = Release|Any CPU
		{29FE8AB5-EA2A-4C55-BF38-AFC951DDEFAD}.Release|x86.Build.0 = Release|Any CPU
		{B0D7CF91-AB71-4A4D-8B26-1152708107AC}.Debug|Any CPU.ActiveCfg = Debug|Any CPU
		{B0D7CF91-AB71-4A4D-8B26-1152708107AC}.Debug|Any CPU.Build.0 = Debug|Any CPU
		{B0D7CF91-AB71-4A4D-8B26-1152708107AC}.Debug|x86.ActiveCfg = Debug|Any CPU
		{B0D7CF91-AB71-4A4D-8B26-1152708107AC}.Debug|x86.Build.0 = Debug|Any CPU
		{B0D7CF91-AB71-4A4D-8B26-1152708107AC}.Release|Any CPU.ActiveCfg = Release|Any CPU
		{B0D7CF91-AB71-4A4D-8B26-1152708107AC}.Release|Any CPU.Build.0 = Release|Any CPU
		{B0D7CF91-AB71-4A4D-8B26-1152708107AC}.Release|x86.ActiveCfg = Release|Any CPU
		{B0D7CF91-AB71-4A4D-8B26-1152708107AC}.Release|x86.Build.0 = Release|Any CPU
	EndGlobalSection
	GlobalSection(SolutionProperties) = preSolution
		HideSolutionNode = FALSE
	EndGlobalSection
	GlobalSection(NestedProjects) = preSolution
		{6D704040-E839-41DD-9AA2-36EEADEFB0C9} = {0B0790F3-12A6-4329-B291-080F401B6C63}
		{A458F4D8-A484-408E-91AB-32041B97E1A6} = {23AED292-9579-48E3-9ED6-3A403C10FB64}
		{67A9C165-4327-49AC-A9F4-FE6365A34FBB} = {A458F4D8-A484-408E-91AB-32041B97E1A6}
		{BAEA5AA9-EDBD-4BD6-BCB2-822174E83FC5} = {23AED292-9579-48E3-9ED6-3A403C10FB64}
		{94E97797-CEAB-401E-96FA-1992F9781893} = {BAEA5AA9-EDBD-4BD6-BCB2-822174E83FC5}
		{E4CC63D8-127D-4BC9-80E0-CCB3E9DA06DC} = {977043EE-27F3-404D-97E6-D4A377693B19}
		{BBECE6FC-EF63-40F8-A734-A500D1DFC1AF} = {977043EE-27F3-404D-97E6-D4A377693B19}
		{C75532C4-765B-418E-B09B-46D36B2ABDB1} = {977043EE-27F3-404D-97E6-D4A377693B19}
		{977043EE-27F3-404D-97E6-D4A377693B19} = {0B0790F3-12A6-4329-B291-080F401B6C63}
		{F5F607D8-D108-4553-B10E-498B014A7FDE} = {A458F4D8-A484-408E-91AB-32041B97E1A6}
		{7BB6441B-3E76-4B6D-A602-70BC268D4826} = {0B0790F3-12A6-4329-B291-080F401B6C63}
		{49A532A2-2080-4DBE-AFC8-0B34D9B0B210} = {0B0790F3-12A6-4329-B291-080F401B6C63}
		{34F6181D-FCA7-4D19-9B67-04DB8E67B503} = {A458F4D8-A484-408E-91AB-32041B97E1A6}
		{86955C47-2A02-41A4-AB32-C9E592EB2971} = {0B0790F3-12A6-4329-B291-080F401B6C63}
		{29FE8AB5-EA2A-4C55-BF38-AFC951DDEFAD} = {0B0790F3-12A6-4329-B291-080F401B6C63}
		{B0D7CF91-AB71-4A4D-8B26-1152708107AC} = {A458F4D8-A484-408E-91AB-32041B97E1A6}
	EndGlobalSection
EndGlobal
