<?xml version="1.0" encoding="utf-8"?>
<Project ToolsVersion="4.0" xmlns="http://schemas.microsoft.com/developer/msbuild/2003">
  <ItemGroup>
    <None Include="Makefile" />
    <None Include="core.ci">
      <Filter>Core</Filter>
    </None>
    <None Include="brain.ci">
      <Filter>Core</Filter>
    </None>
    <None Include="region.ci">
      <Filter>Core</Filter>
    </None>
    <None Include="neuron.ci">
      <Filter>Core</Filter>
    </None>
  </ItemGroup>
  <ItemGroup>
    <Filter Include="Core">
      <UniqueIdentifier>{10c6245b-c1d3-4fa3-add2-2c1d44d7dfe3}</UniqueIdentifier>
    </Filter>
    <Filter Include="Tests">
      <UniqueIdentifier>{038aa2dc-1c8e-4abc-96ed-06f095bd6354}</UniqueIdentifier>
    </Filter>
    <Filter Include="Bodies">
      <UniqueIdentifier>{9ce6e3a2-72c8-41ee-880c-ee1d0d43377c}</UniqueIdentifier>
    </Filter>
    <Filter Include="GenSpecModel">
      <UniqueIdentifier>{b21f9a1c-b9f9-41e5-b915-a77eba6f6f04}</UniqueIdentifier>
    </Filter>
    <Filter Include="GenSpecModel\Neurons">
      <UniqueIdentifier>{b7733013-5cab-4814-b4da-ec23549d4b4f}</UniqueIdentifier>
    </Filter>
  </ItemGroup>
  <ItemGroup>
    <ClCompile Include="core.cpp">
      <Filter>Core</Filter>
    </ClCompile>
    <ClCompile Include="brain.cpp">
      <Filter>Core</Filter>
    </ClCompile>
    <ClCompile Include="body.cpp">
      <Filter>Core</Filter>
    </ClCompile>
    <ClCompile Include="region.cpp">
      <Filter>Core</Filter>
    </ClCompile>
    <ClCompile Include="neuron.cpp">
      <Filter>Core</Filter>
    </ClCompile>
    <ClCompile Include="spike.cpp">
      <Filter>Core</Filter>
    </ClCompile>
    <ClCompile Include="random.cpp">
      <Filter>Core</Filter>
    </ClCompile>
    <ClCompile Include="core_tests.cpp">
      <Filter>Tests</Filter>
    </ClCompile>
    <ClCompile Include="log.cpp">
      <Filter>Core</Filter>
    </ClCompile>
    <ClCompile Include="log_tests.cpp">
      <Filter>Tests</Filter>
    </ClCompile>
    <ClCompile Include="data_utils.cpp">
      <Filter>Core</Filter>
    </ClCompile>
    <ClCompile Include="data_utils_tests.cpp">
      <Filter>Tests</Filter>
    </ClCompile>
    <ClCompile Include="mnist_reader.cpp">
      <Filter>Bodies</Filter>
    </ClCompile>
    <ClCompile Include="mnist_body.cpp">
      <Filter>Bodies</Filter>
    </ClCompile>
    <ClCompile Include="gen_spec_neuron.cpp">
      <Filter>GenSpecModel\Neurons</Filter>
    </ClCompile>
    <ClCompile Include="gen_spec_input_neuron.cpp">
      <Filter>GenSpecModel\Neurons</Filter>
    </ClCompile>
    <ClCompile Include="gen_spec_acc_neuron.cpp">
      <Filter>GenSpecModel\Neurons</Filter>
    </ClCompile>
    <ClCompile Include="gen_spec_output_neuron.cpp">
      <Filter>GenSpecModel\Neurons</Filter>
    </ClCompile>
    <ClCompile Include="gen_spec_next_digit_neuron.cpp">
      <Filter>GenSpecModel\Neurons</Filter>
    </ClCompile>
    <ClCompile Include="gen_spec_region.cpp">
      <Filter>GenSpecModel</Filter>
    </ClCompile>
    <ClCompile Include="gen_spec_brain.cpp">
      <Filter>GenSpecModel</Filter>
    </ClCompile>
    <ClCompile Include="mnist_body_tests.cpp">
      <Filter>Tests</Filter>
    </ClCompile>
    <ClCompile Include="synapse.cpp">
      <Filter>Core</Filter>
    </ClCompile>
    <ClCompile Include="init.cpp">
      <Filter>Core</Filter>
    </ClCompile>
    <ClCompile Include="gen_spec_init.h">
      <Filter>GenSpecModel</Filter>
    </ClCompile>
    <ClCompile Include="gen_spec_init.cpp">
      <Filter>GenSpecModel</Filter>
    </ClCompile>
  </ItemGroup>
  <ItemGroup>
    <ClInclude Include="brain.h">
      <Filter>Core</Filter>
    </ClInclude>
    <ClInclude Include="common.h">
      <Filter>Core</Filter>
    </ClInclude>
    <ClInclude Include="body.h">
      <Filter>Core</Filter>
    </ClInclude>
    <ClInclude Include="core.h">
      <Filter>Core</Filter>
    </ClInclude>
    <ClInclude Include="region.h">
      <Filter>Core</Filter>
    </ClInclude>
    <ClInclude Include="neuron.h">
      <Filter>Core</Filter>
    </ClInclude>
    <ClInclude Include="synapse.h">
      <Filter>Core</Filter>
    </ClInclude>
    <ClInclude Include="spike.h">
      <Filter>Core</Filter>
    </ClInclude>
    <ClInclude Include="random.h">
      <Filter>Core</Filter>
    </ClInclude>
    <ClInclude Include="core_tests.h">
      <Filter>Tests</Filter>
    </ClInclude>
    <ClInclude Include="log.h">
      <Filter>Core</Filter>
    </ClInclude>
    <ClInclude Include="data_utils.h">
      <Filter>Core</Filter>
    </ClInclude>
    <ClInclude Include="mnist_reader.h">
      <Filter>Bodies</Filter>
    </ClInclude>
    <ClInclude Include="mnist_body.h">
      <Filter>Bodies</Filter>
    </ClInclude>
    <ClInclude Include="gen_spec_neuron.h">
      <Filter>GenSpecModel\Neurons</Filter>
    </ClInclude>
    <ClInclude Include="gen_spec_input_neuron.h">
      <Filter>GenSpecModel\Neurons</Filter>
    </ClInclude>
    <ClInclude Include="gen_spec_acc_neuron.h">
      <Filter>GenSpecModel\Neurons</Filter>
    </ClInclude>
    <ClInclude Include="gen_spec_output_neuron.h">
      <Filter>GenSpecModel\Neurons</Filter>
    </ClInclude>
    <ClInclude Include="gen_spec_next_digit_neuron.h">
      <Filter>GenSpecModel\Neurons</Filter>
    </ClInclude>
    <ClInclude Include="gen_spec_region.h">
      <Filter>GenSpecModel</Filter>
    </ClInclude>
    <ClInclude Include="gen_spec_brain.h">
      <Filter>GenSpecModel</Filter>
    </ClInclude>
    <ClInclude Include="component_factory.h">
      <Filter>Core</Filter>
    </ClInclude>
    <ClInclude Include="component_registry.h">
      <Filter>Core</Filter>
    </ClInclude>
    <ClInclude Include="registration.h">
      <Filter>Core</Filter>
    </ClInclude>
    <ClInclude Include="components.h">
      <Filter>Core</Filter>
    </ClInclude>
    <ClInclude Include="init.h">
      <Filter>Core</Filter>
    </ClInclude>
  </ItemGroup>
</Project>